
Microsoft Visual Studio Solution File, Format Version 12.00
# Visual Studio 15
VisualStudioVersion = 15.0.26430.6
MinimumVisualStudioVersion = 10.0.40219.1
Project("{FAE04EC0-301F-11D3-BF4B-00C04F79EFBC}") = "chess-res-generator", "chess-res-generator\chess-res-generator.csproj", "{D7AA7853-3600-41E3-80BD-929D055F119E}"
EndProject
Global
	GlobalSection(SolutionConfigurationPlatforms) = preSolution
		Debug|Any CPU = Debug|Any CPU
		Debug|x64 = Debug|x64
		Release|Any CPU = Release|Any CPU
		Release|x64 = Release|x64
	EndGlobalSection
	GlobalSection(ProjectConfigurationPlatforms) = postSolution
		{D7AA7853-3600-41E3-80BD-929D055F119E}.Debug|Any CPU.ActiveCfg = Debug|Any CPU
		{D7AA7853-3600-41E3-80BD-929D055F119E}.Debug|Any CPU.Build.0 = Debug|Any CPU
		{D7AA7853-3600-41E3-80BD-929D055F119E}.Debug|x64.ActiveCfg = Debug|x64
		{D7AA7853-3600-41E3-80BD-929D055F119E}.Debug|x64.Build.0 = Debug|x64
		{D7AA7853-3600-41E3-80BD-929D055F119E}.Release|Any CPU.ActiveCfg = Release|Any CPU
		{D7AA7853-3600-41E3-80BD-929D055F119E}.Release|Any CPU.Build.0 = Release|Any CPU
		{D7AA7853-3600-41E3-80BD-929D055F119E}.Release|x64.ActiveCfg = Release|x64
		{D7AA7853-3600-41E3-80BD-929D055F119E}.Release|x64.Build.0 = Release|x64
	EndGlobalSection
	GlobalSection(SolutionProperties) = preSolution
		HideSolutionNode = FALSE
	EndGlobalSection
EndGlobal
